
Microsoft Visual Studio Solution File, Format Version 12.00
# Visual Studio Version 17
VisualStudioVersion = 17.4.33403.182
MinimumVisualStudioVersion = 10.0.40219.1
Project("{FAE04EC0-301F-11D3-BF4B-00C04F79EFBC}") = "GuestBookPersonalRedo", "GuestBookPersonalRedo\GuestBookPersonalRedo.csproj", "{B2C55AA9-1936-491C-9692-BF7DE7080F70}"
EndProject
Global
	GlobalSection(SolutionConfigurationPlatforms) = preSolution
		Debug|Any CPU = Debug|Any CPU
		Release|Any CPU = Release|Any CPU
	EndGlobalSection
	GlobalSection(ProjectConfigurationPlatforms) = postSolution
		{B2C55AA9-1936-491C-9692-BF7DE7080F70}.Debug|Any CPU.ActiveCfg = Debug|Any CPU
		{B2C55AA9-1936-491C-9692-BF7DE7080F70}.Debug|Any CPU.Build.0 = Debug|Any CPU
		{B2C55AA9-1936-491C-9692-BF7DE7080F70}.Release|Any CPU.ActiveCfg = Release|Any CPU
		{B2C55AA9-1936-491C-9692-BF7DE7080F70}.Release|Any CPU.Build.0 = Release|Any CPU
	EndGlobalSection
	GlobalSection(SolutionProperties) = preSolution
		HideSolutionNode = FALSE
	EndGlobalSection
	GlobalSection(ExtensibilityGlobals) = postSolution
		SolutionGuid = {14CD6A4B-7727-4D0C-BC8E-77FBAD4BF827}
	EndGlobalSection
EndGlobal
